
Microsoft Visual Studio Solution File, Format Version 12.00
# Visual Studio 15
Project("{FAE04EC0-301F-11D3-BF4B-00C04F79EFBC}") = "ACM", "ACM\ACM.csproj", "{FFBE35A6-AF01-452C-8A7A-0092ED9718F4}"
EndProject
Project("{2150E333-8FDC-42A3-9474-1A3956D46DE8}") = "Tests", "Tests", "{3B884B26-E084-4EC9-A61F-540DA7427746}"
EndProject
Project("{FAE04EC0-301F-11D3-BF4B-00C04F79EFBC}") = "ACM.BLTest", "Tests\ACM.BLTest\ACM.BLTest.csproj", "{B2019F7E-A904-4F3F-B4A2-AB45D85197F4}"
EndProject
Global
	GlobalSection(SolutionConfigurationPlatforms) = preSolution
		Debug|Any CPU = Debug|Any CPU
		Release|Any CPU = Release|Any CPU
	EndGlobalSection
	GlobalSection(ProjectConfigurationPlatforms) = postSolution
		{FFBE35A6-AF01-452C-8A7A-0092ED9718F4}.Debug|Any CPU.ActiveCfg = Debug|Any CPU
		{FFBE35A6-AF01-452C-8A7A-0092ED9718F4}.Debug|Any CPU.Build.0 = Debug|Any CPU
		{FFBE35A6-AF01-452C-8A7A-0092ED9718F4}.Release|Any CPU.ActiveCfg = Release|Any CPU
		{FFBE35A6-AF01-452C-8A7A-0092ED9718F4}.Release|Any CPU.Build.0 = Release|Any CPU
		{B2019F7E-A904-4F3F-B4A2-AB45D85197F4}.Debug|Any CPU.ActiveCfg = Debug|Any CPU
		{B2019F7E-A904-4F3F-B4A2-AB45D85197F4}.Debug|Any CPU.Build.0 = Debug|Any CPU
		{B2019F7E-A904-4F3F-B4A2-AB45D85197F4}.Release|Any CPU.ActiveCfg = Release|Any CPU
		{B2019F7E-A904-4F3F-B4A2-AB45D85197F4}.Release|Any CPU.Build.0 = Release|Any CPU
	EndGlobalSection
	GlobalSection(NestedProjects) = preSolution
		{B2019F7E-A904-4F3F-B4A2-AB45D85197F4} = {3B884B26-E084-4EC9-A61F-540DA7427746}
	EndGlobalSection
EndGlobal
